
Microsoft Visual Studio Solution File, Format Version 12.00
# Visual Studio Version 16
VisualStudioVersion = 16.0.30114.105
MinimumVisualStudioVersion = 10.0.40219.1
Project("{FAE04EC0-301F-11D3-BF4B-00C04F79EFBC}") = "Family", "Family\Family.csproj", "{80D74E72-0A2A-4AB9-82DD-652D6E73E626}"
EndProject
Global
	GlobalSection(SolutionConfigurationPlatforms) = preSolution
		Debug|Any CPU = Debug|Any CPU
		Release|Any CPU = Release|Any CPU
	EndGlobalSection
	GlobalSection(ProjectConfigurationPlatforms) = postSolution
		{80D74E72-0A2A-4AB9-82DD-652D6E73E626}.Debug|Any CPU.ActiveCfg = Debug|Any CPU
		{80D74E72-0A2A-4AB9-82DD-652D6E73E626}.Debug|Any CPU.Build.0 = Debug|Any CPU
		{80D74E72-0A2A-4AB9-82DD-652D6E73E626}.Release|Any CPU.ActiveCfg = Release|Any CPU
		{80D74E72-0A2A-4AB9-82DD-652D6E73E626}.Release|Any CPU.Build.0 = Release|Any CPU
	EndGlobalSection
	GlobalSection(SolutionProperties) = preSolution
		HideSolutionNode = FALSE
	EndGlobalSection
	GlobalSection(ExtensibilityGlobals) = postSolution
		SolutionGuid = {EB96D776-2CA6-4CB9-AFBD-A2FAF8513619}
	EndGlobalSection
EndGlobal
